PODS:
  - AFNetworking (4.0.1):
    - AFNetworking/NSURLSession (= 4.0.1)
    - AFNetworking/Reachability (= 4.0.1)
    - AFNetworking/Security (= 4.0.1)
    - AFNetworking/Serialization (= 4.0.1)
    - AFNetworking/UIKit (= 4.0.1)
  - AFNetworking/NSURLSession (4.0.1):
    - AFNetworking/Reachability
    - AFNetworking/Security
    - AFNetworking/Serialization
  - AFNetworking/Reachability (4.0.1)
  - AFNetworking/Security (4.0.1)
  - AFNetworking/Serialization (4.0.1)
  - AFNetworking/UIKit (4.0.1):
    - AFNetworking/NSURLSession
  - CropViewController (2.5.3)
  - DKCamera (1.6.7)
  - DKImagePickerController (4.3.2):
    - DKImagePickerController/Camera (= 4.3.2)
    - DKImagePickerController/Core (= 4.3.2)
    - DKImagePickerController/ImageDataManager (= 4.3.2)
    - DKImagePickerController/InlineCamera (= 4.3.2)
    - DKImagePickerController/PhotoEditor (= 4.3.2)
    - DKImagePickerController/PhotoGallery (= 4.3.2)
    - DKImagePickerController/Resource (= 4.3.2)
  - DKImagePickerController/Camera (4.3.2):
    - DKCamera
    - DKImagePickerController/Core
  - DKImagePickerController/Core (4.3.2):
    - DKImagePickerController/ImageDataManager
    - DKImagePickerController/Resource
  - DKImagePickerController/ImageDataManager (4.3.2)
  - DKImagePickerController/InlineCamera (4.3.2):
    - DKCamera
    - DKImagePickerController/Core
  - DKImagePickerController/PhotoEditor (4.3.2):
    - CropViewController (~> 2.5)
    - DKImagePickerController/Core
  - DKImagePickerController/PhotoGallery (4.3.2):
    - DKImagePickerController/Core
    - DKPhotoGallery
  - DKImagePickerController/Resource (4.3.2)
  - DKPhotoGallery (0.0.17):
    - DKPhotoGallery/Core (= 0.0.17)
    - DKPhotoGallery/Model (= 0.0.17)
    - DKPhotoGallery/Preview (= 0.0.17)
    - DKPhotoGallery/Resource (= 0.0.17)
    - SDWebImage
    - SwiftyGif
  - DKPhotoGallery/Core (0.0.17):
    - DKPhotoGallery/Model
    - DKPhotoGallery/Preview
    - SDWebImage
    - SwiftyGif
  - DKPhotoGallery/Model (0.0.17):
    - SDWebImage
    - SwiftyGif
  - DKPhotoGallery/Preview (0.0.17):
    - DKPhotoGallery/Model
    - DKPhotoGallery/Resource
    - SDWebImage
    - SwiftyGif
  - DKPhotoGallery/Resource (0.0.17):
    - SDWebImage
    - SwiftyGif
  - GradientCircularProgress (3.13.0)
  - MJRefresh (3.4.3)
  - SDWebImage (5.8.2):
    - SDWebImage/Core (= 5.8.2)
  - SDWebImage/Core (5.8.2)
  - SnapKit (4.2.0)
  - SVProgressHUD (2.2.5)
  - SwiftyGif (5.3.0)

DEPENDENCIES:
  - AFNetworking
  - DKImagePickerController
  - GradientCircularProgress (from `https://github.com/keygx/GradientCircularProgress`)
  - MJRefresh
  - SDWebImage
  - SnapKit
  - SVProgressHUD

SPEC REPOS:
  https://github.com/CocoaPods/Specs.git:
    - AFNetworking
    - CropViewController
    - DKCamera
    - DKImagePickerController
    - DKPhotoGallery
    - MJRefresh
    - SDWebImage
    - SnapKit
    - SVProgressHUD
    - SwiftyGif

EXTERNAL SOURCES:
  GradientCircularProgress:
    :git: https://github.com/keygx/GradientCircularProgress

CHECKOUT OPTIONS:
  GradientCircularProgress:
    :commit: 9e2dc60d335ee6eb3677bfd9f965f0ade3607f4c
    :git: https://github.com/keygx/GradientCircularProgress

SPEC CHECKSUMS:
  AFNetworking: 7864c38297c79aaca1500c33288e429c3451fdce
  CropViewController: a5c143548a0fabcd6cc25f2d26e40460cfb8c78c
  DKCamera: a902b66921fca14b7a75266feb8c7568aa7caa71
  DKImagePickerController: b5eb7f7a388e4643264105d648d01f727110fc3d
  DKPhotoGallery: fdfad5125a9fdda9cc57df834d49df790dbb4179
  GradientCircularProgress: f5a04b862adc1fbafbd21c0ff450ed7d74d1926e
  MJRefresh: 53e3e3219f204425ee6d3e62e8733d3295944cd6
  SDWebImage: f923a89d7344af399ba77b87a523ae747408207a
  SnapKit: fe8a619752f3f27075cc9a90244d75c6c3f27e2a
  SVProgressHUD: 1428aafac632c1f86f62aa4243ec12008d7a51d6
  SwiftyGif: e466e86c660d343357ab944a819a101c4127cb40

PODFILE CHECKSUM: 17978a297f98bbadd804dc385b00e9ec2bf078ea

COCOAPODS: 1.9.3
